
Microsoft Visual Studio Solution File, Format Version 12.00
# Visual Studio Version 16
VisualStudioVersion = 16.0.30717.126
MinimumVisualStudioVersion = 10.0.40219.1
Project("{FAE04EC0-301F-11D3-BF4B-00C04F79EFBC}") = "ejericioprueba", "ejericioprueba\ejericioprueba.csproj", "{6BE7E8E9-EA7C-4871-94D5-CEA6EB1D770B}"
EndProject
Global
	GlobalSection(SolutionConfigurationPlatforms) = preSolution
		Debug|Any CPU = Debug|Any CPU
		Release|Any CPU = Release|Any CPU
	EndGlobalSection
	GlobalSection(ProjectConfigurationPlatforms) = postSolution
		{6BE7E8E9-EA7C-4871-94D5-CEA6EB1D770B}.Debug|Any CPU.ActiveCfg = Debug|Any CPU
		{6BE7E8E9-EA7C-4871-94D5-CEA6EB1D770B}.Debug|Any CPU.Build.0 = Debug|Any CPU
		{6BE7E8E9-EA7C-4871-94D5-CEA6EB1D770B}.Release|Any CPU.ActiveCfg = Release|Any CPU
		{6BE7E8E9-EA7C-4871-94D5-CEA6EB1D770B}.Release|Any CPU.Build.0 = Release|Any CPU
	EndGlobalSection
	GlobalSection(SolutionProperties) = preSolution
		HideSolutionNode = FALSE
	EndGlobalSection
	GlobalSection(ExtensibilityGlobals) = postSolution
		SolutionGuid = {4B89EC09-53C7-498D-8ABA-DDB2AE7033C3}
	EndGlobalSection
EndGlobal
